
Microsoft Visual Studio Solution File, Format Version 12.00
# Visual Studio Version 17
VisualStudioVersion = 17.13.35931.197 d17.13
MinimumVisualStudioVersion = 10.0.40219.1
Project("{FAE04EC0-301F-11D3-BF4B-00C04F79EFBC}") = "WebApi", "WebApi\WebApi.csproj", "{884B0676-2E54-4849-9E2A-B8F68525E80B}"
EndProject
Global
	GlobalSection(SolutionConfigurationPlatforms) = preSolution
		Debug|Any CPU = Debug|Any CPU
		Release|Any CPU = Release|Any CPU
	EndGlobalSection
	GlobalSection(ProjectConfigurationPlatforms) = postSolution
		{884B0676-2E54-4849-9E2A-B8F68525E80B}.Debug|Any CPU.ActiveCfg = Debug|Any CPU
		{884B0676-2E54-4849-9E2A-B8F68525E80B}.Debug|Any CPU.Build.0 = Debug|Any CPU
		{884B0676-2E54-4849-9E2A-B8F68525E80B}.Release|Any CPU.ActiveCfg = Release|Any CPU
		{884B0676-2E54-4849-9E2A-B8F68525E80B}.Release|Any CPU.Build.0 = Release|Any CPU
	EndGlobalSection
	GlobalSection(SolutionProperties) = preSolution
		HideSolutionNode = FALSE
	EndGlobalSection
	GlobalSection(ExtensibilityGlobals) = postSolution
		SolutionGuid = {20432CF3-8653-44E9-B29F-2FDA82F9AA61}
	EndGlobalSection
EndGlobal
